{
  "nodes": {
    "nixos-hardware": {
      "locked": {
        "lastModified": 1756750488,
        "narHash": "sha256-e4ZAu2sjOtGpvbdS5zo+Va5FUUkAnizl4wb0/JlIL2I=",
        "owner": "NixOS",
        "repo": "nixos-hardware",
        "rev": "47eb4856cfd01eaeaa7bb5944a0f27db8fb9b94a",
        "type": "github"
      },
      "original": {
        "owner": "NixOS",
        "ref": "master",
        "repo": "nixos-hardware",
        "type": "github"
      }
    },
    "nixpkgs": {
      "locked": {
        "lastModified": 1756754095,
        "narHash": "sha256-9Rsn9XEWINExosFkKEqdp8EI6Mujr1gmQiyrEcts2ls=",
        "owner": "nixos",
        "repo": "nixpkgs",
        "rev": "7c815e513adbf03c9098b2bd230c1e0525c8a7f9",
        "type": "github"
      },
      "original": {
        "owner": "nixos",
        "ref": "nixos-25.05",
        "repo": "nixpkgs",
        "type": "github"
      }
    },
    "nixpkgs-unstable": {
      "locked": {
        "lastModified": 1758277210,
        "narHash": "sha256-iCGWf/LTy+aY0zFu8q12lK8KuZp7yvdhStehhyX1v8w=",
        "owner": "NixOS",
        "repo": "nixpkgs",
        "rev": "8eaee110344796db060382e15d3af0a9fc396e0e",
        "type": "github"
      },
      "original": {
        "owner": "NixOS",
        "ref": "nixos-unstable",
        "repo": "nixpkgs",
        "type": "github"
      }
    },
    "nixpkgs_2": {
      "locked": {
        "lastModified": 1756542300,
        "narHash": "sha256-tlOn88coG5fzdyqz6R93SQL5Gpq+m/DsWpekNFhqPQk=",
        "owner": "NixOS",
        "repo": "nixpkgs",
        "rev": "d7600c775f877cd87b4f5a831c28aa94137377aa",
        "type": "github"
      },
      "original": {
        "owner": "NixOS",
        "ref": "nixos-unstable",
        "repo": "nixpkgs",
        "type": "github"
      }
    },
    "root": {
      "inputs": {
        "nixos-hardware": "nixos-hardware",
        "nixpkgs": "nixpkgs",
        "nixpkgs-unstable": "nixpkgs-unstable",
        "spicetify-nix": "spicetify-nix",
        "yaziTheme": "yaziTheme"
      }
    },
    "spicetify-nix": {
      "inputs": {
        "nixpkgs": "nixpkgs_2",
        "systems": "systems"
      },
      "locked": {
        "lastModified": 1756614537,
        "narHash": "sha256-qyszmZO9CEKAlj5NBQo1AIIADm5Fgqs5ZggW1sU1TVo=",
        "owner": "Gerg-L",
        "repo": "spicetify-nix",
        "rev": "374eb5d97092b97f7aaafd58a2012943b388c0df",
        "type": "github"
      },
      "original": {
        "owner": "Gerg-L",
        "repo": "spicetify-nix",
        "type": "github"
      }
    },
    "systems": {
      "locked": {
        "lastModified": 1681028828,
        "narHash": "sha256-Vy1rq5AaRuLzOxct8nz4T6wlgyUR7zLU309k9mBC768=",
        "owner": "nix-systems",
        "repo": "default",
        "rev": "da67096a3b9bf56a91d16901293e51ba5b49a27e",
        "type": "github"
      },
      "original": {
        "owner": "nix-systems",
        "repo": "default",
        "type": "github"
      }
    },
    "yaziTheme": {
      "flake": false,
      "locked": {
        "lastModified": 1754076891,
        "narHash": "sha256-Aps8NDbHEDT85GqvE9Q2/ffR1s5+DDK1MSG6bdAnMHg=",
        "owner": "Mintass",
        "repo": "rose-pine-moon.yazi",
        "rev": "aa2d937daf2ede05442bd3818691882a7ad0e700",
        "type": "github"
      },
      "original": {
        "owner": "Mintass",
        "repo": "rose-pine-moon.yazi",
        "type": "github"
      }
    }
  },
  "root": "root",
  "version": 7
}
