{
  "nodes": {
    "firefoxTheme": {
      "flake": false,
      "locked": {
        "lastModified": 1749676909,
        "narHash": "sha256-JmY1hvUKdhk/RahI8IqoNQkHRoxpSjn0aG1ZnndgAbo=",
        "owner": "rose-pine",
        "repo": "firefox",
        "rev": "2fa9921301134b28e8ba31a56dee46dc78af15ff",
        "type": "github"
      },
      "original": {
        "owner": "rose-pine",
        "repo": "firefox",
        "type": "github"
      }
    },
    "nixos-hardware": {
      "locked": {
        "lastModified": 1755330281,
        "narHash": "sha256-aJHFJWP9AuI8jUGzI77LYcSlkA9wJnOIg4ZqftwNGXA=",
        "owner": "NixOS",
        "repo": "nixos-hardware",
        "rev": "3dac8a872557e0ca8c083cdcfc2f218d18e113b0",
        "type": "github"
      },
      "original": {
        "owner": "NixOS",
        "ref": "master",
        "repo": "nixos-hardware",
        "type": "github"
      }
    },
    "nixpkgs": {
      "locked": {
        "lastModified": 1755922037,
        "narHash": "sha256-wY1+2JPH0ZZC4BQefoZw/k+3+DowFyfOxv17CN/idKs=",
        "owner": "nixos",
        "repo": "nixpkgs",
        "rev": "b1b3291469652d5a2edb0becc4ef0246fff97a7c",
        "type": "github"
      },
      "original": {
        "owner": "nixos",
        "ref": "nixos-25.05",
        "repo": "nixpkgs",
        "type": "github"
      }
    },
    "nixpkgs_2": {
      "locked": {
        "lastModified": 1755615617,
        "narHash": "sha256-HMwfAJBdrr8wXAkbGhtcby1zGFvs+StOp19xNsbqdOg=",
        "owner": "NixOS",
        "repo": "nixpkgs",
        "rev": "20075955deac2583bb12f07151c2df830ef346b4",
        "type": "github"
      },
      "original": {
        "owner": "NixOS",
        "ref": "nixos-unstable",
        "repo": "nixpkgs",
        "type": "github"
      }
    },
    "root": {
      "inputs": {
        "firefoxTheme": "firefoxTheme",
        "nixos-hardware": "nixos-hardware",
        "nixpkgs": "nixpkgs",
        "spicetify-nix": "spicetify-nix",
        "yaziTheme": "yaziTheme"
      }
    },
    "spicetify-nix": {
      "inputs": {
        "nixpkgs": "nixpkgs_2",
        "systems": "systems"
      },
      "locked": {
        "lastModified": 1756009939,
        "narHash": "sha256-lD4Zn37DWEx0X1DqM3npH68b7oh81H8BaaO3c6Ol/DQ=",
        "owner": "Gerg-L",
        "repo": "spicetify-nix",
        "rev": "2bedaf52261ef2adbe71af70820aeb41dfe9a5ef",
        "type": "github"
      },
      "original": {
        "owner": "Gerg-L",
        "repo": "spicetify-nix",
        "type": "github"
      }
    },
    "systems": {
      "locked": {
        "lastModified": 1681028828,
        "narHash": "sha256-Vy1rq5AaRuLzOxct8nz4T6wlgyUR7zLU309k9mBC768=",
        "owner": "nix-systems",
        "repo": "default",
        "rev": "da67096a3b9bf56a91d16901293e51ba5b49a27e",
        "type": "github"
      },
      "original": {
        "owner": "nix-systems",
        "repo": "default",
        "type": "github"
      }
    },
    "yaziTheme": {
      "flake": false,
      "locked": {
        "lastModified": 1754076891,
        "narHash": "sha256-Aps8NDbHEDT85GqvE9Q2/ffR1s5+DDK1MSG6bdAnMHg=",
        "owner": "Mintass",
        "repo": "rose-pine-moon.yazi",
        "rev": "aa2d937daf2ede05442bd3818691882a7ad0e700",
        "type": "github"
      },
      "original": {
        "owner": "Mintass",
        "repo": "rose-pine-moon.yazi",
        "type": "github"
      }
    }
  },
  "root": "root",
  "version": 7
}
